github.com/gabriel-vasile/mimetype v1.4.3 h1:in2uUcidCuFcDKtdcBxlR0rJ1+fsokWf+uqxgUFjbI0=
github.com/gabriel-vasile/mimetype v1.4.3/go.mod h1:d8uq/6HKRL6CGdk+aubisF/M5GcPfT7nKyLpA0lbSSk=
github.com/green-api/whatsapp-api-client-golang v0.5.2 h1:h6nq/ORGC6aA/oUg8n7U8jXIGn44Xpx/JoeP29gLKZM=
github.com/green-api/whatsapp-api-client-golang v0.5.2/go.mod h1:zVvOo4S+bLnyBRmIfoVMWwsk6Poc0ik2eT32T9Fpkcs=
github.com/green-api/whatsapp-api-client-golang v0.6.1 h1:MrM1lezXpRg2vu3DdwSA+rKeMxhgjBqzzdJ5uMIZpsQ=
github.com/green-api/whatsapp-api-client-golang v0.6.1/go.mod h1:0/hbO88FzFWZMie53Gm8j2L7h6pMtvLjPyrois7YTQU=
github.com/green-api/whatsapp-api-client-golang v0.6.2 h1:jD1ti5YceYIsKlTiZ857NvsPwmnBI7QhqF2BsCNIet0=
github.com/green-api/whatsapp-api-client-golang v0.6.2/go.mod h1:0/hbO88FzFWZMie53Gm8j2L7h6pMtvLjPyrois7YTQU=
github.com/green-api/whatsapp-api-client-golang v0.6.3-0.20240204214127-15a9d34bf546 h1:gTyJYSTENPZGtSGyZYmHVarMC9J4IP4QA+vujbwPi+I=
github.com/green-api/whatsapp-api-client-golang v0.6.3-0.20240204214127-15a9d34bf546/go.mod h1:PruawIYBXbR1CULTa1n9SBZk5uD+/oUCBAkP5FyHhu4=
golang.org/x/net v0.19.0 h1:zTwKpTd2XuCqf8huc7Fo2iSy+4RHPd10s4KzeTnVr1c=
golang.org/x/net v0.19.0/go.mod h1:CfAk/cbD4CthTvqiEl8NpboMuiuOYsAr/7NOjZJtv1U=
golang.org/x/net v0.20.0 h1:aCL9BSgETF1k+blQaYUBx9hJ9LOGP3gAVemcZlf1Kpo=
golang.org/x/net v0.20.0/go.mod h1:z8BVo6PvndSri0LbOE3hAn0apkU+1YvI6E70E9jsnvY=
